
Microsoft Visual Studio Solution File, Format Version 12.00
# Visual Studio 15
VisualStudioVersion = 15.0.28307.902
MinimumVisualStudioVersion = 10.0.40219.1
Project("{FAE04EC0-301F-11D3-BF4B-00C04F79EFBC}") = "CrearUsuari", "CrearUsuari\CrearUsuari.csproj", "{24B5EB5A-64BA-47EC-B87A-A56A208F8D0D}"
EndProject
Project("{FAE04EC0-301F-11D3-BF4B-00C04F79EFBC}") = "BBDD", "..\ProyectoPrincipal\BBDD\BBDD.csproj", "{2C0CF561-873C-464C-8957-AFBB90D89983}"
EndProject
Global
	GlobalSection(SolutionConfigurationPlatforms) = preSolution
		Debug|Any CPU = Debug|Any CPU
		Release|Any CPU = Release|Any CPU
	EndGlobalSection
	GlobalSection(ProjectConfigurationPlatforms) = postSolution
		{24B5EB5A-64BA-47EC-B87A-A56A208F8D0D}.Debug|Any CPU.ActiveCfg = Debug|Any CPU
		{24B5EB5A-64BA-47EC-B87A-A56A208F8D0D}.Debug|Any CPU.Build.0 = Debug|Any CPU
		{24B5EB5A-64BA-47EC-B87A-A56A208F8D0D}.Release|Any CPU.ActiveCfg = Release|Any CPU
		{24B5EB5A-64BA-47EC-B87A-A56A208F8D0D}.Release|Any CPU.Build.0 = Release|Any CPU
		{2C0CF561-873C-464C-8957-AFBB90D89983}.Debug|Any CPU.ActiveCfg = Debug|Any CPU
		{2C0CF561-873C-464C-8957-AFBB90D89983}.Debug|Any CPU.Build.0 = Debug|Any CPU
		{2C0CF561-873C-464C-8957-AFBB90D89983}.Release|Any CPU.ActiveCfg = Release|Any CPU
		{2C0CF561-873C-464C-8957-AFBB90D89983}.Release|Any CPU.Build.0 = Release|Any CPU
	EndGlobalSection
	GlobalSection(SolutionProperties) = preSolution
		HideSolutionNode = FALSE
	EndGlobalSection
	GlobalSection(ExtensibilityGlobals) = postSolution
		SolutionGuid = {B5A9DD16-DFCD-498D-9C04-29343446CC07}
	EndGlobalSection
EndGlobal
