
Microsoft Visual Studio Solution File, Format Version 12.00
# Visual Studio 15
VisualStudioVersion = 15.0.28307.902
MinimumVisualStudioVersion = 10.0.40219.1
Project("{FAE04EC0-301F-11D3-BF4B-00C04F79EFBC}") = "MantenimientoBBDD", "MantenimientoBBDD\MantenimientoBBDD.csproj", "{DE1B4DD9-E1A3-46A7-933C-2ECDEA002981}"
EndProject
Project("{FAE04EC0-301F-11D3-BF4B-00C04F79EFBC}") = "Usuarios", "Usuarios\Usuarios.csproj", "{A22258A7-8891-4137-80DB-66AA873495F3}"
EndProject
Global
	GlobalSection(SolutionConfigurationPlatforms) = preSolution
		Debug|Any CPU = Debug|Any CPU
		Release|Any CPU = Release|Any CPU
	EndGlobalSection
	GlobalSection(ProjectConfigurationPlatforms) = postSolution
		{DE1B4DD9-E1A3-46A7-933C-2ECDEA002981}.Debug|Any CPU.ActiveCfg = Debug|Any CPU
		{DE1B4DD9-E1A3-46A7-933C-2ECDEA002981}.Debug|Any CPU.Build.0 = Debug|Any CPU
		{DE1B4DD9-E1A3-46A7-933C-2ECDEA002981}.Release|Any CPU.ActiveCfg = Release|Any CPU
		{DE1B4DD9-E1A3-46A7-933C-2ECDEA002981}.Release|Any CPU.Build.0 = Release|Any CPU
		{A22258A7-8891-4137-80DB-66AA873495F3}.Debug|Any CPU.ActiveCfg = Debug|Any CPU
		{A22258A7-8891-4137-80DB-66AA873495F3}.Debug|Any CPU.Build.0 = Debug|Any CPU
		{A22258A7-8891-4137-80DB-66AA873495F3}.Release|Any CPU.ActiveCfg = Release|Any CPU
		{A22258A7-8891-4137-80DB-66AA873495F3}.Release|Any CPU.Build.0 = Release|Any CPU
	EndGlobalSection
	GlobalSection(SolutionProperties) = preSolution
		HideSolutionNode = FALSE
	EndGlobalSection
	GlobalSection(ExtensibilityGlobals) = postSolution
		SolutionGuid = {39B5326D-0311-465D-A12C-028D4D5C3413}
	EndGlobalSection
EndGlobal
