
Microsoft Visual Studio Solution File, Format Version 12.00
# Visual Studio Version 16
VisualStudioVersion = 16.0.29709.97
MinimumVisualStudioVersion = 10.0.40219.1
Project("{FAE04EC0-301F-11D3-BF4B-00C04F79EFBC}") = "Tareas", "Tareas\Tareas.csproj", "{3D02F0C9-D7CB-4204-9ECD-5F6A9AAB3728}"
EndProject
Project("{54435603-DBB4-11D2-8724-00A0C9A8B90C}") = "TareasInstal·ler", "TareasInstal·ler\TareasInstal·ler.vdproj", "{142B94C9-1761-478D-94A8-6CADE8E0E743}"
EndProject
Global
	GlobalSection(SolutionConfigurationPlatforms) = preSolution
		Debug|Any CPU = Debug|Any CPU
		Release|Any CPU = Release|Any CPU
	EndGlobalSection
	GlobalSection(ProjectConfigurationPlatforms) = postSolution
		{3D02F0C9-D7CB-4204-9ECD-5F6A9AAB3728}.Debug|Any CPU.ActiveCfg = Debug|Any CPU
		{3D02F0C9-D7CB-4204-9ECD-5F6A9AAB3728}.Debug|Any CPU.Build.0 = Debug|Any CPU
		{3D02F0C9-D7CB-4204-9ECD-5F6A9AAB3728}.Release|Any CPU.ActiveCfg = Release|Any CPU
		{3D02F0C9-D7CB-4204-9ECD-5F6A9AAB3728}.Release|Any CPU.Build.0 = Release|Any CPU
		{142B94C9-1761-478D-94A8-6CADE8E0E743}.Debug|Any CPU.ActiveCfg = Debug
		{142B94C9-1761-478D-94A8-6CADE8E0E743}.Release|Any CPU.ActiveCfg = Release
	EndGlobalSection
	GlobalSection(SolutionProperties) = preSolution
		HideSolutionNode = FALSE
	EndGlobalSection
	GlobalSection(ExtensibilityGlobals) = postSolution
		SolutionGuid = {5C40F7D8-8309-4091-96B3-1AF75DBEE5E3}
	EndGlobalSection
EndGlobal
