
Microsoft Visual Studio Solution File, Format Version 12.00
# Visual Studio 15
VisualStudioVersion = 15.0.28307.902
MinimumVisualStudioVersion = 10.0.40219.1
Project("{FAE04EC0-301F-11D3-BF4B-00C04F79EFBC}") = "Tareas", "Tareas\Tareas.csproj", "{3D02F0C9-D7CB-4204-9ECD-5F6A9AAB3728}"
EndProject
Global
	GlobalSection(SolutionConfigurationPlatforms) = preSolution
		Debug|Any CPU = Debug|Any CPU
		Release|Any CPU = Release|Any CPU
	EndGlobalSection
	GlobalSection(ProjectConfigurationPlatforms) = postSolution
		{3D02F0C9-D7CB-4204-9ECD-5F6A9AAB3728}.Debug|Any CPU.ActiveCfg = Debug|Any CPU
		{3D02F0C9-D7CB-4204-9ECD-5F6A9AAB3728}.Debug|Any CPU.Build.0 = Debug|Any CPU
		{3D02F0C9-D7CB-4204-9ECD-5F6A9AAB3728}.Release|Any CPU.ActiveCfg = Release|Any CPU
		{3D02F0C9-D7CB-4204-9ECD-5F6A9AAB3728}.Release|Any CPU.Build.0 = Release|Any CPU
	EndGlobalSection
	GlobalSection(SolutionProperties) = preSolution
		HideSolutionNode = FALSE
	EndGlobalSection
	GlobalSection(ExtensibilityGlobals) = postSolution
		SolutionGuid = {5C40F7D8-8309-4091-96B3-1AF75DBEE5E3}
	EndGlobalSection
EndGlobal
