
Microsoft Visual Studio Solution File, Format Version 12.00
# Visual Studio 15
VisualStudioVersion = 15.0.28307.852
MinimumVisualStudioVersion = 10.0.40219.1
Project("{FAE04EC0-301F-11D3-BF4B-00C04F79EFBC}") = "FileSystemWatcherService", "FileSystemWatcherService\FileSystemWatcherService.csproj", "{D44FE805-70B4-4615-B1A9-76874AD73F20}"
EndProject
Global
	GlobalSection(SolutionConfigurationPlatforms) = preSolution
		Debug|Any CPU = Debug|Any CPU
		Release|Any CPU = Release|Any CPU
	EndGlobalSection
	GlobalSection(ProjectConfigurationPlatforms) = postSolution
		{D44FE805-70B4-4615-B1A9-76874AD73F20}.Debug|Any CPU.ActiveCfg = Debug|Any CPU
		{D44FE805-70B4-4615-B1A9-76874AD73F20}.Debug|Any CPU.Build.0 = Debug|Any CPU
		{D44FE805-70B4-4615-B1A9-76874AD73F20}.Release|Any CPU.ActiveCfg = Release|Any CPU
		{D44FE805-70B4-4615-B1A9-76874AD73F20}.Release|Any CPU.Build.0 = Release|Any CPU
	EndGlobalSection
	GlobalSection(SolutionProperties) = preSolution
		HideSolutionNode = FALSE
	EndGlobalSection
	GlobalSection(ExtensibilityGlobals) = postSolution
		SolutionGuid = {2E995E3D-D1A7-44DF-803E-E68D587ED275}
	EndGlobalSection
EndGlobal
