
Microsoft Visual Studio Solution File, Format Version 12.00
# Visual Studio 15
VisualStudioVersion = 15.0.28307.852
MinimumVisualStudioVersion = 10.0.40219.1
Project("{FAE04EC0-301F-11D3-BF4B-00C04F79EFBC}") = "FormNave", "FormNave\FormNave.csproj", "{DB5F776F-67ED-4846-943E-2D867AE39EC4}"
EndProject
Global
	GlobalSection(SolutionConfigurationPlatforms) = preSolution
		Debug|Any CPU = Debug|Any CPU
		Release|Any CPU = Release|Any CPU
	EndGlobalSection
	GlobalSection(ProjectConfigurationPlatforms) = postSolution
		{DB5F776F-67ED-4846-943E-2D867AE39EC4}.Debug|Any CPU.ActiveCfg = Debug|Any CPU
		{DB5F776F-67ED-4846-943E-2D867AE39EC4}.Debug|Any CPU.Build.0 = Debug|Any CPU
		{DB5F776F-67ED-4846-943E-2D867AE39EC4}.Release|Any CPU.ActiveCfg = Release|Any CPU
		{DB5F776F-67ED-4846-943E-2D867AE39EC4}.Release|Any CPU.Build.0 = Release|Any CPU
	EndGlobalSection
	GlobalSection(SolutionProperties) = preSolution
		HideSolutionNode = FALSE
	EndGlobalSection
	GlobalSection(ExtensibilityGlobals) = postSolution
		SolutionGuid = {3210BF26-BAFA-46DF-8715-049879D4F523}
	EndGlobalSection
EndGlobal
