
Microsoft Visual Studio Solution File, Format Version 12.00
# Visual Studio Version 16
VisualStudioVersion = 16.0.29709.97
MinimumVisualStudioVersion = 10.0.40219.1
Project("{FAE04EC0-301F-11D3-BF4B-00C04F79EFBC}") = "ConsoleSecureCore 2.0", "ConsoleSecureCore 2.0.csproj", "{2AA9534B-97DC-48B3-86D3-ECB96B6E6FE5}"
EndProject
Global
	GlobalSection(SolutionConfigurationPlatforms) = preSolution
		Debug|Any CPU = Debug|Any CPU
		Release|Any CPU = Release|Any CPU
	EndGlobalSection
	GlobalSection(ProjectConfigurationPlatforms) = postSolution
		{2AA9534B-97DC-48B3-86D3-ECB96B6E6FE5}.Debug|Any CPU.ActiveCfg = Debug|Any CPU
		{2AA9534B-97DC-48B3-86D3-ECB96B6E6FE5}.Debug|Any CPU.Build.0 = Debug|Any CPU
		{2AA9534B-97DC-48B3-86D3-ECB96B6E6FE5}.Release|Any CPU.ActiveCfg = Release|Any CPU
		{2AA9534B-97DC-48B3-86D3-ECB96B6E6FE5}.Release|Any CPU.Build.0 = Release|Any CPU
	EndGlobalSection
	GlobalSection(SolutionProperties) = preSolution
		HideSolutionNode = FALSE
	EndGlobalSection
	GlobalSection(ExtensibilityGlobals) = postSolution
		SolutionGuid = {8C58A941-B3AF-4645-8680-976AF906E5B2}
	EndGlobalSection
EndGlobal
