
Microsoft Visual Studio Solution File, Format Version 12.00
# Visual Studio Version 16
VisualStudioVersion = 16.0.29806.167
MinimumVisualStudioVersion = 10.0.40219.1
Project("{FAE04EC0-301F-11D3-BF4B-00C04F79EFBC}") = "SecureCore 2.0", "SecureCore 2.0.csproj", "{5D6B787D-02D6-4A03-8CE6-392426797E13}"
EndProject
Project("{FAE04EC0-301F-11D3-BF4B-00C04F79EFBC}") = "FormsIniciales", "..\SC2 - BuscadorPlaneta\FormsIniciales.csproj", "{0415013C-5E4C-4E73-B9E2-376C2080D132}"
EndProject
Project("{FAE04EC0-301F-11D3-BF4B-00C04F79EFBC}") = "PacsLibrary", "PacsLibrary\PacsLibrary.csproj", "{D405722F-85A2-4C19-A5E6-7393B8C7E26E}"
EndProject
Project("{FAE04EC0-301F-11D3-BF4B-00C04F79EFBC}") = "Forms", "..\Forms\Forms.csproj", "{4C958ABA-684A-4743-AE29-270EC6FAFF64}"
EndProject
Global
	GlobalSection(SolutionConfigurationPlatforms) = preSolution
		Debug|Any CPU = Debug|Any CPU
		Release|Any CPU = Release|Any CPU
	EndGlobalSection
	GlobalSection(ProjectConfigurationPlatforms) = postSolution
		{5D6B787D-02D6-4A03-8CE6-392426797E13}.Debug|Any CPU.ActiveCfg = Debug|Any CPU
		{5D6B787D-02D6-4A03-8CE6-392426797E13}.Debug|Any CPU.Build.0 = Debug|Any CPU
		{5D6B787D-02D6-4A03-8CE6-392426797E13}.Release|Any CPU.ActiveCfg = Release|Any CPU
		{5D6B787D-02D6-4A03-8CE6-392426797E13}.Release|Any CPU.Build.0 = Release|Any CPU
		{0415013C-5E4C-4E73-B9E2-376C2080D132}.Debug|Any CPU.ActiveCfg = Debug|Any CPU
		{0415013C-5E4C-4E73-B9E2-376C2080D132}.Debug|Any CPU.Build.0 = Debug|Any CPU
		{0415013C-5E4C-4E73-B9E2-376C2080D132}.Release|Any CPU.ActiveCfg = Release|Any CPU
		{0415013C-5E4C-4E73-B9E2-376C2080D132}.Release|Any CPU.Build.0 = Release|Any CPU
		{D405722F-85A2-4C19-A5E6-7393B8C7E26E}.Debug|Any CPU.ActiveCfg = Debug|Any CPU
		{D405722F-85A2-4C19-A5E6-7393B8C7E26E}.Debug|Any CPU.Build.0 = Debug|Any CPU
		{D405722F-85A2-4C19-A5E6-7393B8C7E26E}.Release|Any CPU.ActiveCfg = Release|Any CPU
		{D405722F-85A2-4C19-A5E6-7393B8C7E26E}.Release|Any CPU.Build.0 = Release|Any CPU
		{4C958ABA-684A-4743-AE29-270EC6FAFF64}.Debug|Any CPU.ActiveCfg = Debug|Any CPU
		{4C958ABA-684A-4743-AE29-270EC6FAFF64}.Debug|Any CPU.Build.0 = Debug|Any CPU
		{4C958ABA-684A-4743-AE29-270EC6FAFF64}.Release|Any CPU.ActiveCfg = Release|Any CPU
		{4C958ABA-684A-4743-AE29-270EC6FAFF64}.Release|Any CPU.Build.0 = Release|Any CPU
	EndGlobalSection
	GlobalSection(SolutionProperties) = preSolution
		HideSolutionNode = FALSE
	EndGlobalSection
	GlobalSection(ExtensibilityGlobals) = postSolution
		SolutionGuid = {0E0C5A44-2CAA-4688-8E26-8BF754711322}
	EndGlobalSection
EndGlobal
