
Microsoft Visual Studio Solution File, Format Version 12.00
# Visual Studio 15
VisualStudioVersion = 15.0.28307.1000
MinimumVisualStudioVersion = 10.0.40219.1
Project("{FAE04EC0-301F-11D3-BF4B-00C04F79EFBC}") = "ConsoleApp1", "ConsoleApp1\ConsoleApp1.csproj", "{A6DADEAF-77A4-4A3D-AA65-CB966683251C}"
EndProject
Global
	GlobalSection(SolutionConfigurationPlatforms) = preSolution
		Debug|Any CPU = Debug|Any CPU
		Release|Any CPU = Release|Any CPU
	EndGlobalSection
	GlobalSection(ProjectConfigurationPlatforms) = postSolution
		{A6DADEAF-77A4-4A3D-AA65-CB966683251C}.Debug|Any CPU.ActiveCfg = Debug|Any CPU
		{A6DADEAF-77A4-4A3D-AA65-CB966683251C}.Debug|Any CPU.Build.0 = Debug|Any CPU
		{A6DADEAF-77A4-4A3D-AA65-CB966683251C}.Release|Any CPU.ActiveCfg = Release|Any CPU
		{A6DADEAF-77A4-4A3D-AA65-CB966683251C}.Release|Any CPU.Build.0 = Release|Any CPU
	EndGlobalSection
	GlobalSection(SolutionProperties) = preSolution
		HideSolutionNode = FALSE
	EndGlobalSection
	GlobalSection(ExtensibilityGlobals) = postSolution
		SolutionGuid = {4474A4AD-0815-4E15-9CF7-EC86EC86639B}
	EndGlobalSection
EndGlobal
