
Microsoft Visual Studio Solution File, Format Version 12.00
# Visual Studio Version 16
VisualStudioVersion = 16.0.29709.97
MinimumVisualStudioVersion = 10.0.40219.1
Project("{FAE04EC0-301F-11D3-BF4B-00C04F79EFBC}") = "ProyectoPrincipal", "ProyectoPrincipal\ProyectoPrincipal.csproj", "{7DD90A11-5FB0-466B-82E8-F327C4D787EC}"
EndProject
Project("{FAE04EC0-301F-11D3-BF4B-00C04F79EFBC}") = "BBDD", "BBDD\BBDD.csproj", "{2C0CF561-873C-464C-8957-AFBB90D89983}"
EndProject
Project("{FAE04EC0-301F-11D3-BF4B-00C04F79EFBC}") = "Encriptar", "Encriptar\Encriptar.csproj", "{7B329F1B-B333-4414-8C22-F315A64CD301}"
EndProject
Project("{54435603-DBB4-11D2-8724-00A0C9A8B90C}") = "SecureCode", "SecureCode\SecureCode.vdproj", "{42968292-8D58-4637-A8E8-A324AD567DBF}"
EndProject
Global
	GlobalSection(SolutionConfigurationPlatforms) = preSolution
		Debug|Any CPU = Debug|Any CPU
		Release|Any CPU = Release|Any CPU
	EndGlobalSection
	GlobalSection(ProjectConfigurationPlatforms) = postSolution
		{7DD90A11-5FB0-466B-82E8-F327C4D787EC}.Debug|Any CPU.ActiveCfg = Debug|Any CPU
		{7DD90A11-5FB0-466B-82E8-F327C4D787EC}.Debug|Any CPU.Build.0 = Debug|Any CPU
		{7DD90A11-5FB0-466B-82E8-F327C4D787EC}.Release|Any CPU.ActiveCfg = Release|Any CPU
		{7DD90A11-5FB0-466B-82E8-F327C4D787EC}.Release|Any CPU.Build.0 = Release|Any CPU
		{2C0CF561-873C-464C-8957-AFBB90D89983}.Debug|Any CPU.ActiveCfg = Debug|Any CPU
		{2C0CF561-873C-464C-8957-AFBB90D89983}.Debug|Any CPU.Build.0 = Debug|Any CPU
		{2C0CF561-873C-464C-8957-AFBB90D89983}.Release|Any CPU.ActiveCfg = Release|Any CPU
		{2C0CF561-873C-464C-8957-AFBB90D89983}.Release|Any CPU.Build.0 = Release|Any CPU
		{7B329F1B-B333-4414-8C22-F315A64CD301}.Debug|Any CPU.ActiveCfg = Debug|Any CPU
		{7B329F1B-B333-4414-8C22-F315A64CD301}.Debug|Any CPU.Build.0 = Debug|Any CPU
		{7B329F1B-B333-4414-8C22-F315A64CD301}.Release|Any CPU.ActiveCfg = Release|Any CPU
		{7B329F1B-B333-4414-8C22-F315A64CD301}.Release|Any CPU.Build.0 = Release|Any CPU
		{42968292-8D58-4637-A8E8-A324AD567DBF}.Debug|Any CPU.ActiveCfg = Debug
		{42968292-8D58-4637-A8E8-A324AD567DBF}.Release|Any CPU.ActiveCfg = Release
	EndGlobalSection
	GlobalSection(SolutionProperties) = preSolution
		HideSolutionNode = FALSE
	EndGlobalSection
	GlobalSection(ExtensibilityGlobals) = postSolution
		SolutionGuid = {B2605BEE-172D-4C94-9457-842977C4B1A7}
	EndGlobalSection
EndGlobal
